
Microsoft Visual Studio Solution File, Format Version 12.00
# Visual Studio Version 17
VisualStudioVersion = 17.14.36203.30
MinimumVisualStudioVersion = 10.0.40219.1
Project("{FAE04EC0-301F-11D3-BF4B-00C04F79EFBC}") = "TocH", "TocH\TocH.csproj", "{80CD7110-AC9E-4451-AB40-03108EC7358E}"
EndProject
Project("{2150E333-8FDC-42A3-9474-1A3956D46DE8}") = "June16", "June16", "{02EA681E-C7D8-13C7-8484-4AC65E1B71E8}"
EndProject
Project("{FAE04EC0-301F-11D3-BF4B-00C04F79EFBC}") = "MemoryVariable2", "MemoryVariable2\MemoryVariable2.csproj", "{7BF77CD0-4D33-495D-9E22-F8B7311946AE}"
EndProject
Project("{FAE04EC0-301F-11D3-BF4B-00C04F79EFBC}") = "ConsoleRead3", "ConsoleRead3\ConsoleRead3.csproj", "{9B897B05-8AD7-41A3-8A7C-C24AC1ABA324}"
EndProject
Project("{FAE04EC0-301F-11D3-BF4B-00C04F79EFBC}") = "IntMemoryVariable", "IntMemoryVariable\IntMemoryVariable.csproj", "{88B0B9C7-1BA6-44FF-92CF-E1FADAAC8427}"
EndProject
Project("{FAE04EC0-301F-11D3-BF4B-00C04F79EFBC}") = "doubleMemoryVariable", "doubleMemoryVariable\doubleMemoryVariable.csproj", "{6B5C5DAB-53AD-41AE-8708-002E4B245680}"
EndProject
Project("{FAE04EC0-301F-11D3-BF4B-00C04F79EFBC}") = "SimpleCalculator", "SimpleCalculator\SimpleCalculator.csproj", "{95929271-C2D9-43A4-871E-3730C9C510C6}"
EndProject
Project("{FAE04EC0-301F-11D3-BF4B-00C04F79EFBC}") = "DateMemoryVariable", "DateMemoryVariable\DateMemoryVariable.csproj", "{CD69052D-157D-40B3-9442-AB83367BC5F4}"
EndProject
Project("{FAE04EC0-301F-11D3-BF4B-00C04F79EFBC}") = "BoolDataType", "BoolDataType\BoolDataType.csproj", "{609425F1-0BE4-4970-9C30-920F31C1470D}"
EndProject
Project("{FAE04EC0-301F-11D3-BF4B-00C04F79EFBC}") = "SimpleCalculatorIfElse", "SimpleCalculatorIfElse\SimpleCalculatorIfElse.csproj", "{572C09E3-9C05-4B78-9834-FDD4208547B4}"
EndProject
Project("{2150E333-8FDC-42A3-9474-1A3956D46DE8}") = "June17", "June17", "{A0AEF87D-6EBD-4875-B2C6-45D3989E6144}"
EndProject
Project("{FAE04EC0-301F-11D3-BF4B-00C04F79EFBC}") = "WhileEg", "WhileEg\WhileEg.csproj", "{E4887AD5-7992-47BF-B7F8-2C7BB6B8525B}"
EndProject
Project("{FAE04EC0-301F-11D3-BF4B-00C04F79EFBC}") = "ArrayEg", "ArrayEg\ArrayEg.csproj", "{484D5F3E-0D02-485A-B5AA-934D3D8015BB}"
EndProject
Project("{FAE04EC0-301F-11D3-BF4B-00C04F79EFBC}") = "IntArray", "IntArray\IntArray.csproj", "{5E64408C-F520-42C2-BB30-6314EE3CA3AD}"
EndProject
Project("{FAE04EC0-301F-11D3-BF4B-00C04F79EFBC}") = "GenericString", "GenericString\GenericString.csproj", "{E15C73F4-4C66-4828-B7AA-A749F8956611}"
EndProject
Project("{FAE04EC0-301F-11D3-BF4B-00C04F79EFBC}") = "GenericInt", "GenericInt\GenericInt.csproj", "{0EAFCEA7-2964-4CC8-83D1-691958C467D6}"
EndProject
Project("{FAE04EC0-301F-11D3-BF4B-00C04F79EFBC}") = "ImplicitlyTypedLocalVariable", "ImplicitlyTypedLocalVariable\ImplicitlyTypedLocalVariable.csproj", "{08359061-BA2F-4DE9-BE39-8E6FD3948CD9}"
EndProject
Project("{FAE04EC0-301F-11D3-BF4B-00C04F79EFBC}") = "WithoutTopLevelStatement", "WithoutTopLevelStatement\WithoutTopLevelStatement.csproj", "{1B32A6A7-0BAE-4BEE-BBBD-82FC15ACE2D1}"
EndProject
Project("{FAE04EC0-301F-11D3-BF4B-00C04F79EFBC}") = "FunctionReturn", "FunctionReturn\FunctionReturn.csproj", "{137D2631-3857-4D00-BF74-947F2D67F19D}"
EndProject
Project("{FAE04EC0-301F-11D3-BF4B-00C04F79EFBC}") = "MethodOverloading", "MethodOverloading\MethodOverloading.csproj", "{15736C0E-9893-4E6D-B27E-0FBC08E0B789}"
EndProject
Project("{FAE04EC0-301F-11D3-BF4B-00C04F79EFBC}") = "HelloClass", "HelloClass\HelloClass.csproj", "{1170B542-1ECF-43C0-BFD7-BBEAC3F42F48}"
EndProject
Project("{FAE04EC0-301F-11D3-BF4B-00C04F79EFBC}") = "HelloClass2", "HelloClass2\HelloClass2.csproj", "{D720C521-74CE-49CF-A709-97F22ADD920B}"
EndProject
Project("{FAE04EC0-301F-11D3-BF4B-00C04F79EFBC}") = "HelloClass3", "HelloClass3\HelloClass3.csproj", "{5D56A4EF-8BC1-4850-9D45-2C54C0FB0586}"
EndProject
Project("{FAE04EC0-301F-11D3-BF4B-00C04F79EFBC}") = "CalculatorWithClass", "CalculatorWithClass\CalculatorWithClass.csproj", "{96591A05-4DFF-4419-908D-28F1D1C370DC}"
EndProject
Project("{2150E333-8FDC-42A3-9474-1A3956D46DE8}") = "June18", "June18", "{8B4D4BB0-D2B1-4302-8233-9D6E21531965}"
EndProject
Project("{FAE04EC0-301F-11D3-BF4B-00C04F79EFBC}") = "ContactClass", "ContactClass\ContactClass.csproj", "{EF74AC94-5491-478B-B5AF-01E48DC825BB}"
EndProject
Project("{FAE04EC0-301F-11D3-BF4B-00C04F79EFBC}") = "GenericListOfClassExpenses", "GenericListOfClassExpenses\GenericListOfClassExpenses.csproj", "{325B5F98-3B5A-4788-B4CD-3A4393AEC465}"
EndProject
Project("{FAE04EC0-301F-11D3-BF4B-00C04F79EFBC}") = "GenericCollectionOfClass", "GenericCollectionOfClass\GenericCollectionOfClass.csproj", "{67F7F008-1DE9-4917-9EBB-B602AE83BB4A}"
EndProject
Project("{FAE04EC0-301F-11D3-BF4B-00C04F79EFBC}") = "hellomvc", "hellomvc\hellomvc.csproj", "{CF1E1E37-6B44-4861-BC9A-E859DA195575}"
EndProject
Project("{2150E333-8FDC-42A3-9474-1A3956D46DE8}") = "june19", "june19", "{369D63FF-8E60-47A5-AC5C-9135DA0F1505}"
EndProject
Project("{FAE04EC0-301F-11D3-BF4B-00C04F79EFBC}") = "WebApplication1", "WebApplication1\WebApplication1.csproj", "{85C9437E-CBEF-430C-A183-1092F3DA8DC9}"
EndProject
Project("{2150E333-8FDC-42A3-9474-1A3956D46DE8}") = "june20", "june20", "{7E21B364-6B43-460E-A2B8-17A5D36716AB}"
EndProject
Project("{FAE04EC0-301F-11D3-BF4B-00C04F79EFBC}") = "WebApplication2", "WebApplication2\WebApplication2.csproj", "{991AE8EF-7545-4C4E-A5BA-F2B2FF5682B1}"
EndProject
Project("{FAE04EC0-301F-11D3-BF4B-00C04F79EFBC}") = "WebApplication3", "WebApplication3\WebApplication3.csproj", "{E7B50389-456B-40B1-B6CD-4D135D6E4953}"
EndProject
Global
	GlobalSection(SolutionConfigurationPlatforms) = preSolution
		Debug|Any CPU = Debug|Any CPU
		Release|Any CPU = Release|Any CPU
	EndGlobalSection
	GlobalSection(ProjectConfigurationPlatforms) = postSolution
		{80CD7110-AC9E-4451-AB40-03108EC7358E}.Debug|Any CPU.ActiveCfg = Debug|Any CPU
		{80CD7110-AC9E-4451-AB40-03108EC7358E}.Debug|Any CPU.Build.0 = Debug|Any CPU
		{80CD7110-AC9E-4451-AB40-03108EC7358E}.Release|Any CPU.ActiveCfg = Release|Any CPU
		{80CD7110-AC9E-4451-AB40-03108EC7358E}.Release|Any CPU.Build.0 = Release|Any CPU
		{7BF77CD0-4D33-495D-9E22-F8B7311946AE}.Debug|Any CPU.ActiveCfg = Debug|Any CPU
		{7BF77CD0-4D33-495D-9E22-F8B7311946AE}.Debug|Any CPU.Build.0 = Debug|Any CPU
		{7BF77CD0-4D33-495D-9E22-F8B7311946AE}.Release|Any CPU.ActiveCfg = Release|Any CPU
		{7BF77CD0-4D33-495D-9E22-F8B7311946AE}.Release|Any CPU.Build.0 = Release|Any CPU
		{9B897B05-8AD7-41A3-8A7C-C24AC1ABA324}.Debug|Any CPU.ActiveCfg = Debug|Any CPU
		{9B897B05-8AD7-41A3-8A7C-C24AC1ABA324}.Debug|Any CPU.Build.0 = Debug|Any CPU
		{9B897B05-8AD7-41A3-8A7C-C24AC1ABA324}.Release|Any CPU.ActiveCfg = Release|Any CPU
		{9B897B05-8AD7-41A3-8A7C-C24AC1ABA324}.Release|Any CPU.Build.0 = Release|Any CPU
		{88B0B9C7-1BA6-44FF-92CF-E1FADAAC8427}.Debug|Any CPU.ActiveCfg = Debug|Any CPU
		{88B0B9C7-1BA6-44FF-92CF-E1FADAAC8427}.Debug|Any CPU.Build.0 = Debug|Any CPU
		{88B0B9C7-1BA6-44FF-92CF-E1FADAAC8427}.Release|Any CPU.ActiveCfg = Release|Any CPU
		{88B0B9C7-1BA6-44FF-92CF-E1FADAAC8427}.Release|Any CPU.Build.0 = Release|Any CPU
		{6B5C5DAB-53AD-41AE-8708-002E4B245680}.Debug|Any CPU.ActiveCfg = Debug|Any CPU
		{6B5C5DAB-53AD-41AE-8708-002E4B245680}.Debug|Any CPU.Build.0 = Debug|Any CPU
		{6B5C5DAB-53AD-41AE-8708-002E4B245680}.Release|Any CPU.ActiveCfg = Release|Any CPU
		{6B5C5DAB-53AD-41AE-8708-002E4B245680}.Release|Any CPU.Build.0 = Release|Any CPU
		{95929271-C2D9-43A4-871E-3730C9C510C6}.Debug|Any CPU.ActiveCfg = Debug|Any CPU
		{95929271-C2D9-43A4-871E-3730C9C510C6}.Debug|Any CPU.Build.0 = Debug|Any CPU
		{95929271-C2D9-43A4-871E-3730C9C510C6}.Release|Any CPU.ActiveCfg = Release|Any CPU
		{95929271-C2D9-43A4-871E-3730C9C510C6}.Release|Any CPU.Build.0 = Release|Any CPU
		{CD69052D-157D-40B3-9442-AB83367BC5F4}.Debug|Any CPU.ActiveCfg = Debug|Any CPU
		{CD69052D-157D-40B3-9442-AB83367BC5F4}.Debug|Any CPU.Build.0 = Debug|Any CPU
		{CD69052D-157D-40B3-9442-AB83367BC5F4}.Release|Any CPU.ActiveCfg = Release|Any CPU
		{CD69052D-157D-40B3-9442-AB83367BC5F4}.Release|Any CPU.Build.0 = Release|Any CPU
		{609425F1-0BE4-4970-9C30-920F31C1470D}.Debug|Any CPU.ActiveCfg = Debug|Any CPU
		{609425F1-0BE4-4970-9C30-920F31C1470D}.Debug|Any CPU.Build.0 = Debug|Any CPU
		{609425F1-0BE4-4970-9C30-920F31C1470D}.Release|Any CPU.ActiveCfg = Release|Any CPU
		{609425F1-0BE4-4970-9C30-920F31C1470D}.Release|Any CPU.Build.0 = Release|Any CPU
		{572C09E3-9C05-4B78-9834-FDD4208547B4}.Debug|Any CPU.ActiveCfg = Debug|Any CPU
		{572C09E3-9C05-4B78-9834-FDD4208547B4}.Debug|Any CPU.Build.0 = Debug|Any CPU
		{572C09E3-9C05-4B78-9834-FDD4208547B4}.Release|Any CPU.ActiveCfg = Release|Any CPU
		{572C09E3-9C05-4B78-9834-FDD4208547B4}.Release|Any CPU.Build.0 = Release|Any CPU
		{E4887AD5-7992-47BF-B7F8-2C7BB6B8525B}.Debug|Any CPU.ActiveCfg = Debug|Any CPU
		{E4887AD5-7992-47BF-B7F8-2C7BB6B8525B}.Debug|Any CPU.Build.0 = Debug|Any CPU
		{E4887AD5-7992-47BF-B7F8-2C7BB6B8525B}.Release|Any CPU.ActiveCfg = Release|Any CPU
		{E4887AD5-7992-47BF-B7F8-2C7BB6B8525B}.Release|Any CPU.Build.0 = Release|Any CPU
		{484D5F3E-0D02-485A-B5AA-934D3D8015BB}.Debug|Any CPU.ActiveCfg = Debug|Any CPU
		{484D5F3E-0D02-485A-B5AA-934D3D8015BB}.Debug|Any CPU.Build.0 = Debug|Any CPU
		{484D5F3E-0D02-485A-B5AA-934D3D8015BB}.Release|Any CPU.ActiveCfg = Release|Any CPU
		{484D5F3E-0D02-485A-B5AA-934D3D8015BB}.Release|Any CPU.Build.0 = Release|Any CPU
		{5E64408C-F520-42C2-BB30-6314EE3CA3AD}.Debug|Any CPU.ActiveCfg = Debug|Any CPU
		{5E64408C-F520-42C2-BB30-6314EE3CA3AD}.Debug|Any CPU.Build.0 = Debug|Any CPU
		{5E64408C-F520-42C2-BB30-6314EE3CA3AD}.Release|Any CPU.ActiveCfg = Release|Any CPU
		{5E64408C-F520-42C2-BB30-6314EE3CA3AD}.Release|Any CPU.Build.0 = Release|Any CPU
		{E15C73F4-4C66-4828-B7AA-A749F8956611}.Debug|Any CPU.ActiveCfg = Debug|Any CPU
		{E15C73F4-4C66-4828-B7AA-A749F8956611}.Debug|Any CPU.Build.0 = Debug|Any CPU
		{E15C73F4-4C66-4828-B7AA-A749F8956611}.Release|Any CPU.ActiveCfg = Release|Any CPU
		{E15C73F4-4C66-4828-B7AA-A749F8956611}.Release|Any CPU.Build.0 = Release|Any CPU
		{0EAFCEA7-2964-4CC8-83D1-691958C467D6}.Debug|Any CPU.ActiveCfg = Debug|Any CPU
		{0EAFCEA7-2964-4CC8-83D1-691958C467D6}.Debug|Any CPU.Build.0 = Debug|Any CPU
		{0EAFCEA7-2964-4CC8-83D1-691958C467D6}.Release|Any CPU.ActiveCfg = Release|Any CPU
		{0EAFCEA7-2964-4CC8-83D1-691958C467D6}.Release|Any CPU.Build.0 = Release|Any CPU
		{08359061-BA2F-4DE9-BE39-8E6FD3948CD9}.Debug|Any CPU.ActiveCfg = Debug|Any CPU
		{08359061-BA2F-4DE9-BE39-8E6FD3948CD9}.Debug|Any CPU.Build.0 = Debug|Any CPU
		{08359061-BA2F-4DE9-BE39-8E6FD3948CD9}.Release|Any CPU.ActiveCfg = Release|Any CPU
		{08359061-BA2F-4DE9-BE39-8E6FD3948CD9}.Release|Any CPU.Build.0 = Release|Any CPU
		{1B32A6A7-0BAE-4BEE-BBBD-82FC15ACE2D1}.Debug|Any CPU.ActiveCfg = Debug|Any CPU
		{1B32A6A7-0BAE-4BEE-BBBD-82FC15ACE2D1}.Debug|Any CPU.Build.0 = Debug|Any CPU
		{1B32A6A7-0BAE-4BEE-BBBD-82FC15ACE2D1}.Release|Any CPU.ActiveCfg = Release|Any CPU
		{1B32A6A7-0BAE-4BEE-BBBD-82FC15ACE2D1}.Release|Any CPU.Build.0 = Release|Any CPU
		{137D2631-3857-4D00-BF74-947F2D67F19D}.Debug|Any CPU.ActiveCfg = Debug|Any CPU
		{137D2631-3857-4D00-BF74-947F2D67F19D}.Debug|Any CPU.Build.0 = Debug|Any CPU
		{137D2631-3857-4D00-BF74-947F2D67F19D}.Release|Any CPU.ActiveCfg = Release|Any CPU
		{137D2631-3857-4D00-BF74-947F2D67F19D}.Release|Any CPU.Build.0 = Release|Any CPU
		{15736C0E-9893-4E6D-B27E-0FBC08E0B789}.Debug|Any CPU.ActiveCfg = Debug|Any CPU
		{15736C0E-9893-4E6D-B27E-0FBC08E0B789}.Debug|Any CPU.Build.0 = Debug|Any CPU
		{15736C0E-9893-4E6D-B27E-0FBC08E0B789}.Release|Any CPU.ActiveCfg = Release|Any CPU
		{15736C0E-9893-4E6D-B27E-0FBC08E0B789}.Release|Any CPU.Build.0 = Release|Any CPU
		{1170B542-1ECF-43C0-BFD7-BBEAC3F42F48}.Debug|Any CPU.ActiveCfg = Debug|Any CPU
		{1170B542-1ECF-43C0-BFD7-BBEAC3F42F48}.Debug|Any CPU.Build.0 = Debug|Any CPU
		{1170B542-1ECF-43C0-BFD7-BBEAC3F42F48}.Release|Any CPU.ActiveCfg = Release|Any CPU
		{1170B542-1ECF-43C0-BFD7-BBEAC3F42F48}.Release|Any CPU.Build.0 = Release|Any CPU
		{D720C521-74CE-49CF-A709-97F22ADD920B}.Debug|Any CPU.ActiveCfg = Debug|Any CPU
		{D720C521-74CE-49CF-A709-97F22ADD920B}.Debug|Any CPU.Build.0 = Debug|Any CPU
		{D720C521-74CE-49CF-A709-97F22ADD920B}.Release|Any CPU.ActiveCfg = Release|Any CPU
		{D720C521-74CE-49CF-A709-97F22ADD920B}.Release|Any CPU.Build.0 = Release|Any CPU
		{5D56A4EF-8BC1-4850-9D45-2C54C0FB0586}.Debug|Any CPU.ActiveCfg = Debug|Any CPU
		{5D56A4EF-8BC1-4850-9D45-2C54C0FB0586}.Debug|Any CPU.Build.0 = Debug|Any CPU
		{5D56A4EF-8BC1-4850-9D45-2C54C0FB0586}.Release|Any CPU.ActiveCfg = Release|Any CPU
		{5D56A4EF-8BC1-4850-9D45-2C54C0FB0586}.Release|Any CPU.Build.0 = Release|Any CPU
		{96591A05-4DFF-4419-908D-28F1D1C370DC}.Debug|Any CPU.ActiveCfg = Debug|Any CPU
		{96591A05-4DFF-4419-908D-28F1D1C370DC}.Debug|Any CPU.Build.0 = Debug|Any CPU
		{96591A05-4DFF-4419-908D-28F1D1C370DC}.Release|Any CPU.ActiveCfg = Release|Any CPU
		{96591A05-4DFF-4419-908D-28F1D1C370DC}.Release|Any CPU.Build.0 = Release|Any CPU
		{EF74AC94-5491-478B-B5AF-01E48DC825BB}.Debug|Any CPU.ActiveCfg = Debug|Any CPU
		{EF74AC94-5491-478B-B5AF-01E48DC825BB}.Debug|Any CPU.Build.0 = Debug|Any CPU
		{EF74AC94-5491-478B-B5AF-01E48DC825BB}.Release|Any CPU.ActiveCfg = Release|Any CPU
		{EF74AC94-5491-478B-B5AF-01E48DC825BB}.Release|Any CPU.Build.0 = Release|Any CPU
		{325B5F98-3B5A-4788-B4CD-3A4393AEC465}.Debug|Any CPU.ActiveCfg = Debug|Any CPU
		{325B5F98-3B5A-4788-B4CD-3A4393AEC465}.Debug|Any CPU.Build.0 = Debug|Any CPU
		{325B5F98-3B5A-4788-B4CD-3A4393AEC465}.Release|Any CPU.ActiveCfg = Release|Any CPU
		{325B5F98-3B5A-4788-B4CD-3A4393AEC465}.Release|Any CPU.Build.0 = Release|Any CPU
		{67F7F008-1DE9-4917-9EBB-B602AE83BB4A}.Debug|Any CPU.ActiveCfg = Debug|Any CPU
		{67F7F008-1DE9-4917-9EBB-B602AE83BB4A}.Debug|Any CPU.Build.0 = Debug|Any CPU
		{67F7F008-1DE9-4917-9EBB-B602AE83BB4A}.Release|Any CPU.ActiveCfg = Release|Any CPU
		{67F7F008-1DE9-4917-9EBB-B602AE83BB4A}.Release|Any CPU.Build.0 = Release|Any CPU
		{CF1E1E37-6B44-4861-BC9A-E859DA195575}.Debug|Any CPU.ActiveCfg = Debug|Any CPU
		{CF1E1E37-6B44-4861-BC9A-E859DA195575}.Debug|Any CPU.Build.0 = Debug|Any CPU
		{CF1E1E37-6B44-4861-BC9A-E859DA195575}.Release|Any CPU.ActiveCfg = Release|Any CPU
		{CF1E1E37-6B44-4861-BC9A-E859DA195575}.Release|Any CPU.Build.0 = Release|Any CPU
		{85C9437E-CBEF-430C-A183-1092F3DA8DC9}.Debug|Any CPU.ActiveCfg = Debug|Any CPU
		{85C9437E-CBEF-430C-A183-1092F3DA8DC9}.Debug|Any CPU.Build.0 = Debug|Any CPU
		{85C9437E-CBEF-430C-A183-1092F3DA8DC9}.Release|Any CPU.ActiveCfg = Release|Any CPU
		{85C9437E-CBEF-430C-A183-1092F3DA8DC9}.Release|Any CPU.Build.0 = Release|Any CPU
		{991AE8EF-7545-4C4E-A5BA-F2B2FF5682B1}.Debug|Any CPU.ActiveCfg = Debug|Any CPU
		{991AE8EF-7545-4C4E-A5BA-F2B2FF5682B1}.Debug|Any CPU.Build.0 = Debug|Any CPU
		{991AE8EF-7545-4C4E-A5BA-F2B2FF5682B1}.Release|Any CPU.ActiveCfg = Release|Any CPU
		{991AE8EF-7545-4C4E-A5BA-F2B2FF5682B1}.Release|Any CPU.Build.0 = Release|Any CPU
		{E7B50389-456B-40B1-B6CD-4D135D6E4953}.Debug|Any CPU.ActiveCfg = Debug|Any CPU
		{E7B50389-456B-40B1-B6CD-4D135D6E4953}.Debug|Any CPU.Build.0 = Debug|Any CPU
		{E7B50389-456B-40B1-B6CD-4D135D6E4953}.Release|Any CPU.ActiveCfg = Release|Any CPU
		{E7B50389-456B-40B1-B6CD-4D135D6E4953}.Release|Any CPU.Build.0 = Release|Any CPU
	EndGlobalSection
	GlobalSection(SolutionProperties) = preSolution
		HideSolutionNode = FALSE
	EndGlobalSection
	GlobalSection(NestedProjects) = preSolution
		{80CD7110-AC9E-4451-AB40-03108EC7358E} = {02EA681E-C7D8-13C7-8484-4AC65E1B71E8}
		{7BF77CD0-4D33-495D-9E22-F8B7311946AE} = {02EA681E-C7D8-13C7-8484-4AC65E1B71E8}
		{9B897B05-8AD7-41A3-8A7C-C24AC1ABA324} = {02EA681E-C7D8-13C7-8484-4AC65E1B71E8}
		{88B0B9C7-1BA6-44FF-92CF-E1FADAAC8427} = {02EA681E-C7D8-13C7-8484-4AC65E1B71E8}
		{6B5C5DAB-53AD-41AE-8708-002E4B245680} = {02EA681E-C7D8-13C7-8484-4AC65E1B71E8}
		{95929271-C2D9-43A4-871E-3730C9C510C6} = {02EA681E-C7D8-13C7-8484-4AC65E1B71E8}
		{CD69052D-157D-40B3-9442-AB83367BC5F4} = {02EA681E-C7D8-13C7-8484-4AC65E1B71E8}
		{609425F1-0BE4-4970-9C30-920F31C1470D} = {02EA681E-C7D8-13C7-8484-4AC65E1B71E8}
		{572C09E3-9C05-4B78-9834-FDD4208547B4} = {02EA681E-C7D8-13C7-8484-4AC65E1B71E8}
		{E4887AD5-7992-47BF-B7F8-2C7BB6B8525B} = {A0AEF87D-6EBD-4875-B2C6-45D3989E6144}
		{484D5F3E-0D02-485A-B5AA-934D3D8015BB} = {A0AEF87D-6EBD-4875-B2C6-45D3989E6144}
		{5E64408C-F520-42C2-BB30-6314EE3CA3AD} = {A0AEF87D-6EBD-4875-B2C6-45D3989E6144}
		{E15C73F4-4C66-4828-B7AA-A749F8956611} = {A0AEF87D-6EBD-4875-B2C6-45D3989E6144}
		{0EAFCEA7-2964-4CC8-83D1-691958C467D6} = {A0AEF87D-6EBD-4875-B2C6-45D3989E6144}
		{08359061-BA2F-4DE9-BE39-8E6FD3948CD9} = {A0AEF87D-6EBD-4875-B2C6-45D3989E6144}
		{1B32A6A7-0BAE-4BEE-BBBD-82FC15ACE2D1} = {A0AEF87D-6EBD-4875-B2C6-45D3989E6144}
		{137D2631-3857-4D00-BF74-947F2D67F19D} = {A0AEF87D-6EBD-4875-B2C6-45D3989E6144}
		{15736C0E-9893-4E6D-B27E-0FBC08E0B789} = {A0AEF87D-6EBD-4875-B2C6-45D3989E6144}
		{1170B542-1ECF-43C0-BFD7-BBEAC3F42F48} = {A0AEF87D-6EBD-4875-B2C6-45D3989E6144}
		{D720C521-74CE-49CF-A709-97F22ADD920B} = {A0AEF87D-6EBD-4875-B2C6-45D3989E6144}
		{5D56A4EF-8BC1-4850-9D45-2C54C0FB0586} = {A0AEF87D-6EBD-4875-B2C6-45D3989E6144}
		{96591A05-4DFF-4419-908D-28F1D1C370DC} = {A0AEF87D-6EBD-4875-B2C6-45D3989E6144}
		{EF74AC94-5491-478B-B5AF-01E48DC825BB} = {8B4D4BB0-D2B1-4302-8233-9D6E21531965}
		{325B5F98-3B5A-4788-B4CD-3A4393AEC465} = {8B4D4BB0-D2B1-4302-8233-9D6E21531965}
		{67F7F008-1DE9-4917-9EBB-B602AE83BB4A} = {8B4D4BB0-D2B1-4302-8233-9D6E21531965}
		{CF1E1E37-6B44-4861-BC9A-E859DA195575} = {8B4D4BB0-D2B1-4302-8233-9D6E21531965}
		{85C9437E-CBEF-430C-A183-1092F3DA8DC9} = {369D63FF-8E60-47A5-AC5C-9135DA0F1505}
		{991AE8EF-7545-4C4E-A5BA-F2B2FF5682B1} = {7E21B364-6B43-460E-A2B8-17A5D36716AB}
		{E7B50389-456B-40B1-B6CD-4D135D6E4953} = {7E21B364-6B43-460E-A2B8-17A5D36716AB}
	EndGlobalSection
	GlobalSection(ExtensibilityGlobals) = postSolution
		SolutionGuid = {E84BA46E-94F1-4642-B8CC-0765B291A723}
	EndGlobalSection
EndGlobal
