
Microsoft Visual Studio Solution File, Format Version 12.00
# Visual Studio Version 17
VisualStudioVersion = 17.14.36203.30
MinimumVisualStudioVersion = 10.0.40219.1
Project("{FAE04EC0-301F-11D3-BF4B-00C04F79EFBC}") = "TocH", "TocH\TocH.csproj", "{80CD7110-AC9E-4451-AB40-03108EC7358E}"
EndProject
Project("{2150E333-8FDC-42A3-9474-1A3956D46DE8}") = "June16", "June16", "{02EA681E-C7D8-13C7-8484-4AC65E1B71E8}"
EndProject
Project("{FAE04EC0-301F-11D3-BF4B-00C04F79EFBC}") = "MemoryVariable2", "MemoryVariable2\MemoryVariable2.csproj", "{7BF77CD0-4D33-495D-9E22-F8B7311946AE}"
EndProject
Project("{FAE04EC0-301F-11D3-BF4B-00C04F79EFBC}") = "ConsoleRead3", "ConsoleRead3\ConsoleRead3.csproj", "{9B897B05-8AD7-41A3-8A7C-C24AC1ABA324}"
EndProject
Project("{FAE04EC0-301F-11D3-BF4B-00C04F79EFBC}") = "IntMemoryVariable", "IntMemoryVariable\IntMemoryVariable.csproj", "{88B0B9C7-1BA6-44FF-92CF-E1FADAAC8427}"
EndProject
Project("{FAE04EC0-301F-11D3-BF4B-00C04F79EFBC}") = "doubleMemoryVariable", "doubleMemoryVariable\doubleMemoryVariable.csproj", "{6B5C5DAB-53AD-41AE-8708-002E4B245680}"
EndProject
Project("{FAE04EC0-301F-11D3-BF4B-00C04F79EFBC}") = "SimpleCalculator", "SimpleCalculator\SimpleCalculator.csproj", "{95929271-C2D9-43A4-871E-3730C9C510C6}"
EndProject
Project("{FAE04EC0-301F-11D3-BF4B-00C04F79EFBC}") = "DateMemoryVariable", "DateMemoryVariable\DateMemoryVariable.csproj", "{CD69052D-157D-40B3-9442-AB83367BC5F4}"
EndProject
Project("{FAE04EC0-301F-11D3-BF4B-00C04F79EFBC}") = "BoolDataType", "BoolDataType\BoolDataType.csproj", "{609425F1-0BE4-4970-9C30-920F31C1470D}"
EndProject
Project("{FAE04EC0-301F-11D3-BF4B-00C04F79EFBC}") = "SimpleCalculatorIfElse", "SimpleCalculatorIfElse\SimpleCalculatorIfElse.csproj", "{572C09E3-9C05-4B78-9834-FDD4208547B4}"
EndProject
Global
	GlobalSection(SolutionConfigurationPlatforms) = preSolution
		Debug|Any CPU = Debug|Any CPU
		Release|Any CPU = Release|Any CPU
	EndGlobalSection
	GlobalSection(ProjectConfigurationPlatforms) = postSolution
		{80CD7110-AC9E-4451-AB40-03108EC7358E}.Debug|Any CPU.ActiveCfg = Debug|Any CPU
		{80CD7110-AC9E-4451-AB40-03108EC7358E}.Debug|Any CPU.Build.0 = Debug|Any CPU
		{80CD7110-AC9E-4451-AB40-03108EC7358E}.Release|Any CPU.ActiveCfg = Release|Any CPU
		{80CD7110-AC9E-4451-AB40-03108EC7358E}.Release|Any CPU.Build.0 = Release|Any CPU
		{7BF77CD0-4D33-495D-9E22-F8B7311946AE}.Debug|Any CPU.ActiveCfg = Debug|Any CPU
		{7BF77CD0-4D33-495D-9E22-F8B7311946AE}.Debug|Any CPU.Build.0 = Debug|Any CPU
		{7BF77CD0-4D33-495D-9E22-F8B7311946AE}.Release|Any CPU.ActiveCfg = Release|Any CPU
		{7BF77CD0-4D33-495D-9E22-F8B7311946AE}.Release|Any CPU.Build.0 = Release|Any CPU
		{9B897B05-8AD7-41A3-8A7C-C24AC1ABA324}.Debug|Any CPU.ActiveCfg = Debug|Any CPU
		{9B897B05-8AD7-41A3-8A7C-C24AC1ABA324}.Debug|Any CPU.Build.0 = Debug|Any CPU
		{9B897B05-8AD7-41A3-8A7C-C24AC1ABA324}.Release|Any CPU.ActiveCfg = Release|Any CPU
		{9B897B05-8AD7-41A3-8A7C-C24AC1ABA324}.Release|Any CPU.Build.0 = Release|Any CPU
		{88B0B9C7-1BA6-44FF-92CF-E1FADAAC8427}.Debug|Any CPU.ActiveCfg = Debug|Any CPU
		{88B0B9C7-1BA6-44FF-92CF-E1FADAAC8427}.Debug|Any CPU.Build.0 = Debug|Any CPU
		{88B0B9C7-1BA6-44FF-92CF-E1FADAAC8427}.Release|Any CPU.ActiveCfg = Release|Any CPU
		{88B0B9C7-1BA6-44FF-92CF-E1FADAAC8427}.Release|Any CPU.Build.0 = Release|Any CPU
		{6B5C5DAB-53AD-41AE-8708-002E4B245680}.Debug|Any CPU.ActiveCfg = Debug|Any CPU
		{6B5C5DAB-53AD-41AE-8708-002E4B245680}.Debug|Any CPU.Build.0 = Debug|Any CPU
		{6B5C5DAB-53AD-41AE-8708-002E4B245680}.Release|Any CPU.ActiveCfg = Release|Any CPU
		{6B5C5DAB-53AD-41AE-8708-002E4B245680}.Release|Any CPU.Build.0 = Release|Any CPU
		{95929271-C2D9-43A4-871E-3730C9C510C6}.Debug|Any CPU.ActiveCfg = Debug|Any CPU
		{95929271-C2D9-43A4-871E-3730C9C510C6}.Debug|Any CPU.Build.0 = Debug|Any CPU
		{95929271-C2D9-43A4-871E-3730C9C510C6}.Release|Any CPU.ActiveCfg = Release|Any CPU
		{95929271-C2D9-43A4-871E-3730C9C510C6}.Release|Any CPU.Build.0 = Release|Any CPU
		{CD69052D-157D-40B3-9442-AB83367BC5F4}.Debug|Any CPU.ActiveCfg = Debug|Any CPU
		{CD69052D-157D-40B3-9442-AB83367BC5F4}.Debug|Any CPU.Build.0 = Debug|Any CPU
		{CD69052D-157D-40B3-9442-AB83367BC5F4}.Release|Any CPU.ActiveCfg = Release|Any CPU
		{CD69052D-157D-40B3-9442-AB83367BC5F4}.Release|Any CPU.Build.0 = Release|Any CPU
		{609425F1-0BE4-4970-9C30-920F31C1470D}.Debug|Any CPU.ActiveCfg = Debug|Any CPU
		{609425F1-0BE4-4970-9C30-920F31C1470D}.Debug|Any CPU.Build.0 = Debug|Any CPU
		{609425F1-0BE4-4970-9C30-920F31C1470D}.Release|Any CPU.ActiveCfg = Release|Any CPU
		{609425F1-0BE4-4970-9C30-920F31C1470D}.Release|Any CPU.Build.0 = Release|Any CPU
		{572C09E3-9C05-4B78-9834-FDD4208547B4}.Debug|Any CPU.ActiveCfg = Debug|Any CPU
		{572C09E3-9C05-4B78-9834-FDD4208547B4}.Debug|Any CPU.Build.0 = Debug|Any CPU
		{572C09E3-9C05-4B78-9834-FDD4208547B4}.Release|Any CPU.ActiveCfg = Release|Any CPU
		{572C09E3-9C05-4B78-9834-FDD4208547B4}.Release|Any CPU.Build.0 = Release|Any CPU
	EndGlobalSection
	GlobalSection(SolutionProperties) = preSolution
		HideSolutionNode = FALSE
	EndGlobalSection
	GlobalSection(NestedProjects) = preSolution
		{80CD7110-AC9E-4451-AB40-03108EC7358E} = {02EA681E-C7D8-13C7-8484-4AC65E1B71E8}
		{7BF77CD0-4D33-495D-9E22-F8B7311946AE} = {02EA681E-C7D8-13C7-8484-4AC65E1B71E8}
		{9B897B05-8AD7-41A3-8A7C-C24AC1ABA324} = {02EA681E-C7D8-13C7-8484-4AC65E1B71E8}
		{88B0B9C7-1BA6-44FF-92CF-E1FADAAC8427} = {02EA681E-C7D8-13C7-8484-4AC65E1B71E8}
		{6B5C5DAB-53AD-41AE-8708-002E4B245680} = {02EA681E-C7D8-13C7-8484-4AC65E1B71E8}
		{95929271-C2D9-43A4-871E-3730C9C510C6} = {02EA681E-C7D8-13C7-8484-4AC65E1B71E8}
		{CD69052D-157D-40B3-9442-AB83367BC5F4} = {02EA681E-C7D8-13C7-8484-4AC65E1B71E8}
		{609425F1-0BE4-4970-9C30-920F31C1470D} = {02EA681E-C7D8-13C7-8484-4AC65E1B71E8}
		{572C09E3-9C05-4B78-9834-FDD4208547B4} = {02EA681E-C7D8-13C7-8484-4AC65E1B71E8}
	EndGlobalSection
	GlobalSection(ExtensibilityGlobals) = postSolution
		SolutionGuid = {E84BA46E-94F1-4642-B8CC-0765B291A723}
	EndGlobalSection
EndGlobal
