
Microsoft Visual Studio Solution File, Format Version 12.00
# Visual Studio Version 17
VisualStudioVersion = 17.14.36203.30
MinimumVisualStudioVersion = 10.0.40219.1
Project("{FAE04EC0-301F-11D3-BF4B-00C04F79EFBC}") = "TocH", "TocH\TocH.csproj", "{80CD7110-AC9E-4451-AB40-03108EC7358E}"
EndProject
Project("{2150E333-8FDC-42A3-9474-1A3956D46DE8}") = "June16", "June16", "{02EA681E-C7D8-13C7-8484-4AC65E1B71E8}"
EndProject
Project("{FAE04EC0-301F-11D3-BF4B-00C04F79EFBC}") = "MemoryVariable2", "MemoryVariable2\MemoryVariable2.csproj", "{7BF77CD0-4D33-495D-9E22-F8B7311946AE}"
EndProject
Project("{FAE04EC0-301F-11D3-BF4B-00C04F79EFBC}") = "ConsoleRead3", "ConsoleRead3\ConsoleRead3.csproj", "{9B897B05-8AD7-41A3-8A7C-C24AC1ABA324}"
EndProject
Project("{FAE04EC0-301F-11D3-BF4B-00C04F79EFBC}") = "IntMemoryVariable", "IntMemoryVariable\IntMemoryVariable.csproj", "{88B0B9C7-1BA6-44FF-92CF-E1FADAAC8427}"
EndProject
Project("{FAE04EC0-301F-11D3-BF4B-00C04F79EFBC}") = "doubleMemoryVariable", "doubleMemoryVariable\doubleMemoryVariable.csproj", "{6B5C5DAB-53AD-41AE-8708-002E4B245680}"
EndProject
Project("{FAE04EC0-301F-11D3-BF4B-00C04F79EFBC}") = "SimpleCalculator", "SimpleCalculator\SimpleCalculator.csproj", "{95929271-C2D9-43A4-871E-3730C9C510C6}"
EndProject
Project("{FAE04EC0-301F-11D3-BF4B-00C04F79EFBC}") = "DateMemoryVariable", "DateMemoryVariable\DateMemoryVariable.csproj", "{CD69052D-157D-40B3-9442-AB83367BC5F4}"
EndProject
Project("{FAE04EC0-301F-11D3-BF4B-00C04F79EFBC}") = "BoolDataType", "BoolDataType\BoolDataType.csproj", "{609425F1-0BE4-4970-9C30-920F31C1470D}"
EndProject
Project("{FAE04EC0-301F-11D3-BF4B-00C04F79EFBC}") = "SimpleCalculatorIfElse", "SimpleCalculatorIfElse\SimpleCalculatorIfElse.csproj", "{572C09E3-9C05-4B78-9834-FDD4208547B4}"
EndProject
Project("{2150E333-8FDC-42A3-9474-1A3956D46DE8}") = "June17", "June17", "{A0AEF87D-6EBD-4875-B2C6-45D3989E6144}"
EndProject
Project("{FAE04EC0-301F-11D3-BF4B-00C04F79EFBC}") = "WhileEg", "WhileEg\WhileEg.csproj", "{E4887AD5-7992-47BF-B7F8-2C7BB6B8525B}"
EndProject
Project("{FAE04EC0-301F-11D3-BF4B-00C04F79EFBC}") = "ArrayEg", "ArrayEg\ArrayEg.csproj", "{484D5F3E-0D02-485A-B5AA-934D3D8015BB}"
EndProject
Project("{FAE04EC0-301F-11D3-BF4B-00C04F79EFBC}") = "IntArray", "IntArray\IntArray.csproj", "{5E64408C-F520-42C2-BB30-6314EE3CA3AD}"
EndProject
Project("{FAE04EC0-301F-11D3-BF4B-00C04F79EFBC}") = "GenericString", "GenericString\GenericString.csproj", "{E15C73F4-4C66-4828-B7AA-A749F8956611}"
EndProject
Project("{FAE04EC0-301F-11D3-BF4B-00C04F79EFBC}") = "GenericInt", "GenericInt\GenericInt.csproj", "{0EAFCEA7-2964-4CC8-83D1-691958C467D6}"
EndProject
Project("{FAE04EC0-301F-11D3-BF4B-00C04F79EFBC}") = "ImplicitlyTypedLocalVariable", "ImplicitlyTypedLocalVariable\ImplicitlyTypedLocalVariable.csproj", "{08359061-BA2F-4DE9-BE39-8E6FD3948CD9}"
EndProject
Project("{FAE04EC0-301F-11D3-BF4B-00C04F79EFBC}") = "WithoutTopLevelStatement", "WithoutTopLevelStatement\WithoutTopLevelStatement.csproj", "{1B32A6A7-0BAE-4BEE-BBBD-82FC15ACE2D1}"
EndProject
Project("{FAE04EC0-301F-11D3-BF4B-00C04F79EFBC}") = "FunctionReturn", "FunctionReturn\FunctionReturn.csproj", "{137D2631-3857-4D00-BF74-947F2D67F19D}"
EndProject
Project("{FAE04EC0-301F-11D3-BF4B-00C04F79EFBC}") = "MethodOverloading", "MethodOverloading\MethodOverloading.csproj", "{15736C0E-9893-4E6D-B27E-0FBC08E0B789}"
EndProject
Project("{FAE04EC0-301F-11D3-BF4B-00C04F79EFBC}") = "HelloClass", "HelloClass\HelloClass.csproj", "{1170B542-1ECF-43C0-BFD7-BBEAC3F42F48}"
EndProject
Project("{FAE04EC0-301F-11D3-BF4B-00C04F79EFBC}") = "HelloClass2", "HelloClass2\HelloClass2.csproj", "{D720C521-74CE-49CF-A709-97F22ADD920B}"
EndProject
Project("{FAE04EC0-301F-11D3-BF4B-00C04F79EFBC}") = "HelloClass3", "HelloClass3\HelloClass3.csproj", "{5D56A4EF-8BC1-4850-9D45-2C54C0FB0586}"
EndProject
Project("{FAE04EC0-301F-11D3-BF4B-00C04F79EFBC}") = "CalculatorWithClass", "CalculatorWithClass\CalculatorWithClass.csproj", "{96591A05-4DFF-4419-908D-28F1D1C370DC}"
EndProject
Project("{2150E333-8FDC-42A3-9474-1A3956D46DE8}") = "June18", "June18", "{8B4D4BB0-D2B1-4302-8233-9D6E21531965}"
EndProject
Project("{FAE04EC0-301F-11D3-BF4B-00C04F79EFBC}") = "ContactClass", "ContactClass\ContactClass.csproj", "{EF74AC94-5491-478B-B5AF-01E48DC825BB}"
EndProject
Project("{FAE04EC0-301F-11D3-BF4B-00C04F79EFBC}") = "GenericCollectionOfClassTrainee", "GenericCollectionOfClassTrainee\GenericCollectionOfClassTrainee.csproj", "{84B780D2-8C40-49B8-A6CC-F2A9003A2848}"
EndProject
Project("{FAE04EC0-301F-11D3-BF4B-00C04F79EFBC}") = "GenericListOfClassexpenses", "GenericListOfClassexpenses\GenericListOfClassexpenses.csproj", "{14295812-9702-449D-A31F-91FACF390757}"
EndProject
Project("{2150E333-8FDC-42A3-9474-1A3956D46DE8}") = "June19MVC", "June19MVC", "{332A76F3-8AAD-41A3-9043-0FB855E3CFE6}"
EndProject
Project("{FAE04EC0-301F-11D3-BF4B-00C04F79EFBC}") = "MVCHello", "MVCHello\MVCHello.csproj", "{1EEEA958-DD44-4E3A-87CD-D29557D35769}"
EndProject
Project("{FAE04EC0-301F-11D3-BF4B-00C04F79EFBC}") = "GenericListOfStringMVC", "GenericListOfStringMVC\GenericListOfStringMVC.csproj", "{FB9FCBBB-2CE7-4D11-B609-F3FEC4196987}"
EndProject
Project("{FAE04EC0-301F-11D3-BF4B-00C04F79EFBC}") = "CollectionOfClassMVC", "CollectionOfClassMVC\CollectionOfClassMVC.csproj", "{B2FFC494-B742-4D31-8259-E6023E601BD9}"
EndProject
Project("{FAE04EC0-301F-11D3-BF4B-00C04F79EFBC}") = "ObjectViewBagMVc", "ObjectViewBagMVc\ObjectViewBagMVc.csproj", "{34374245-C1BD-4B56-9778-948927FCC4E0}"
EndProject
Project("{FAE04EC0-301F-11D3-BF4B-00C04F79EFBC}") = "GenericListOfClassMVC", "GenericListOfClassMVC\GenericListOfClassMVC.csproj", "{A1B4A29E-6575-4125-AE92-DA04411F464E}"
EndProject
Project("{FAE04EC0-301F-11D3-BF4B-00C04F79EFBC}") = "MVCModelBindingSimple", "MVCModelBindingSimple\MVCModelBindingSimple.csproj", "{5445429C-6D85-4F60-BF7A-DABF632084CF}"
EndProject
Project("{FAE04EC0-301F-11D3-BF4B-00C04F79EFBC}") = "FormsMVC", "FormsMVC\FormsMVC.csproj", "{D14C25CD-6B10-47E8-B6C5-E7F6E993A1CD}"
EndProject
Project("{2150E333-8FDC-42A3-9474-1A3956D46DE8}") = "June20", "June20", "{1D11E6CE-76F7-42FD-A706-E712E8719B41}"
EndProject
Project("{FAE04EC0-301F-11D3-BF4B-00C04F79EFBC}") = "MauiApp1", "MauiApp1\MauiApp1.csproj", "{1CFEB46C-E43B-48B3-975A-66544841162B}"
EndProject
Project("{FAE04EC0-301F-11D3-BF4B-00C04F79EFBC}") = "MauiApp2", "MauiApp2\MauiApp2.csproj", "{3555210D-07D3-4052-9D40-E53616085306}"
EndProject
Project("{FAE04EC0-301F-11D3-BF4B-00C04F79EFBC}") = "HelloMVCRevision", "HelloMVCRevision\HelloMVCRevision.csproj", "{E81FF09A-6AD9-4936-98A4-F31ED3B63A39}"
EndProject
Global
	GlobalSection(SolutionConfigurationPlatforms) = preSolution
		Debug|Any CPU = Debug|Any CPU
		Release|Any CPU = Release|Any CPU
	EndGlobalSection
	GlobalSection(ProjectConfigurationPlatforms) = postSolution
		{80CD7110-AC9E-4451-AB40-03108EC7358E}.Debug|Any CPU.ActiveCfg = Debug|Any CPU
		{80CD7110-AC9E-4451-AB40-03108EC7358E}.Debug|Any CPU.Build.0 = Debug|Any CPU
		{80CD7110-AC9E-4451-AB40-03108EC7358E}.Release|Any CPU.ActiveCfg = Release|Any CPU
		{80CD7110-AC9E-4451-AB40-03108EC7358E}.Release|Any CPU.Build.0 = Release|Any CPU
		{7BF77CD0-4D33-495D-9E22-F8B7311946AE}.Debug|Any CPU.ActiveCfg = Debug|Any CPU
		{7BF77CD0-4D33-495D-9E22-F8B7311946AE}.Debug|Any CPU.Build.0 = Debug|Any CPU
		{7BF77CD0-4D33-495D-9E22-F8B7311946AE}.Release|Any CPU.ActiveCfg = Release|Any CPU
		{7BF77CD0-4D33-495D-9E22-F8B7311946AE}.Release|Any CPU.Build.0 = Release|Any CPU
		{9B897B05-8AD7-41A3-8A7C-C24AC1ABA324}.Debug|Any CPU.ActiveCfg = Debug|Any CPU
		{9B897B05-8AD7-41A3-8A7C-C24AC1ABA324}.Debug|Any CPU.Build.0 = Debug|Any CPU
		{9B897B05-8AD7-41A3-8A7C-C24AC1ABA324}.Release|Any CPU.ActiveCfg = Release|Any CPU
		{9B897B05-8AD7-41A3-8A7C-C24AC1ABA324}.Release|Any CPU.Build.0 = Release|Any CPU
		{88B0B9C7-1BA6-44FF-92CF-E1FADAAC8427}.Debug|Any CPU.ActiveCfg = Debug|Any CPU
		{88B0B9C7-1BA6-44FF-92CF-E1FADAAC8427}.Debug|Any CPU.Build.0 = Debug|Any CPU
		{88B0B9C7-1BA6-44FF-92CF-E1FADAAC8427}.Release|Any CPU.ActiveCfg = Release|Any CPU
		{88B0B9C7-1BA6-44FF-92CF-E1FADAAC8427}.Release|Any CPU.Build.0 = Release|Any CPU
		{6B5C5DAB-53AD-41AE-8708-002E4B245680}.Debug|Any CPU.ActiveCfg = Debug|Any CPU
		{6B5C5DAB-53AD-41AE-8708-002E4B245680}.Debug|Any CPU.Build.0 = Debug|Any CPU
		{6B5C5DAB-53AD-41AE-8708-002E4B245680}.Release|Any CPU.ActiveCfg = Release|Any CPU
		{6B5C5DAB-53AD-41AE-8708-002E4B245680}.Release|Any CPU.Build.0 = Release|Any CPU
		{95929271-C2D9-43A4-871E-3730C9C510C6}.Debug|Any CPU.ActiveCfg = Debug|Any CPU
		{95929271-C2D9-43A4-871E-3730C9C510C6}.Debug|Any CPU.Build.0 = Debug|Any CPU
		{95929271-C2D9-43A4-871E-3730C9C510C6}.Release|Any CPU.ActiveCfg = Release|Any CPU
		{95929271-C2D9-43A4-871E-3730C9C510C6}.Release|Any CPU.Build.0 = Release|Any CPU
		{CD69052D-157D-40B3-9442-AB83367BC5F4}.Debug|Any CPU.ActiveCfg = Debug|Any CPU
		{CD69052D-157D-40B3-9442-AB83367BC5F4}.Debug|Any CPU.Build.0 = Debug|Any CPU
		{CD69052D-157D-40B3-9442-AB83367BC5F4}.Release|Any CPU.ActiveCfg = Release|Any CPU
		{CD69052D-157D-40B3-9442-AB83367BC5F4}.Release|Any CPU.Build.0 = Release|Any CPU
		{609425F1-0BE4-4970-9C30-920F31C1470D}.Debug|Any CPU.ActiveCfg = Debug|Any CPU
		{609425F1-0BE4-4970-9C30-920F31C1470D}.Debug|Any CPU.Build.0 = Debug|Any CPU
		{609425F1-0BE4-4970-9C30-920F31C1470D}.Release|Any CPU.ActiveCfg = Release|Any CPU
		{609425F1-0BE4-4970-9C30-920F31C1470D}.Release|Any CPU.Build.0 = Release|Any CPU
		{572C09E3-9C05-4B78-9834-FDD4208547B4}.Debug|Any CPU.ActiveCfg = Debug|Any CPU
		{572C09E3-9C05-4B78-9834-FDD4208547B4}.Debug|Any CPU.Build.0 = Debug|Any CPU
		{572C09E3-9C05-4B78-9834-FDD4208547B4}.Release|Any CPU.ActiveCfg = Release|Any CPU
		{572C09E3-9C05-4B78-9834-FDD4208547B4}.Release|Any CPU.Build.0 = Release|Any CPU
		{E4887AD5-7992-47BF-B7F8-2C7BB6B8525B}.Debug|Any CPU.ActiveCfg = Debug|Any CPU
		{E4887AD5-7992-47BF-B7F8-2C7BB6B8525B}.Debug|Any CPU.Build.0 = Debug|Any CPU
		{E4887AD5-7992-47BF-B7F8-2C7BB6B8525B}.Release|Any CPU.ActiveCfg = Release|Any CPU
		{E4887AD5-7992-47BF-B7F8-2C7BB6B8525B}.Release|Any CPU.Build.0 = Release|Any CPU
		{484D5F3E-0D02-485A-B5AA-934D3D8015BB}.Debug|Any CPU.ActiveCfg = Debug|Any CPU
		{484D5F3E-0D02-485A-B5AA-934D3D8015BB}.Debug|Any CPU.Build.0 = Debug|Any CPU
		{484D5F3E-0D02-485A-B5AA-934D3D8015BB}.Release|Any CPU.ActiveCfg = Release|Any CPU
		{484D5F3E-0D02-485A-B5AA-934D3D8015BB}.Release|Any CPU.Build.0 = Release|Any CPU
		{5E64408C-F520-42C2-BB30-6314EE3CA3AD}.Debug|Any CPU.ActiveCfg = Debug|Any CPU
		{5E64408C-F520-42C2-BB30-6314EE3CA3AD}.Debug|Any CPU.Build.0 = Debug|Any CPU
		{5E64408C-F520-42C2-BB30-6314EE3CA3AD}.Release|Any CPU.ActiveCfg = Release|Any CPU
		{5E64408C-F520-42C2-BB30-6314EE3CA3AD}.Release|Any CPU.Build.0 = Release|Any CPU
		{E15C73F4-4C66-4828-B7AA-A749F8956611}.Debug|Any CPU.ActiveCfg = Debug|Any CPU
		{E15C73F4-4C66-4828-B7AA-A749F8956611}.Debug|Any CPU.Build.0 = Debug|Any CPU
		{E15C73F4-4C66-4828-B7AA-A749F8956611}.Release|Any CPU.ActiveCfg = Release|Any CPU
		{E15C73F4-4C66-4828-B7AA-A749F8956611}.Release|Any CPU.Build.0 = Release|Any CPU
		{0EAFCEA7-2964-4CC8-83D1-691958C467D6}.Debug|Any CPU.ActiveCfg = Debug|Any CPU
		{0EAFCEA7-2964-4CC8-83D1-691958C467D6}.Debug|Any CPU.Build.0 = Debug|Any CPU
		{0EAFCEA7-2964-4CC8-83D1-691958C467D6}.Release|Any CPU.ActiveCfg = Release|Any CPU
		{0EAFCEA7-2964-4CC8-83D1-691958C467D6}.Release|Any CPU.Build.0 = Release|Any CPU
		{08359061-BA2F-4DE9-BE39-8E6FD3948CD9}.Debug|Any CPU.ActiveCfg = Debug|Any CPU
		{08359061-BA2F-4DE9-BE39-8E6FD3948CD9}.Debug|Any CPU.Build.0 = Debug|Any CPU
		{08359061-BA2F-4DE9-BE39-8E6FD3948CD9}.Release|Any CPU.ActiveCfg = Release|Any CPU
		{08359061-BA2F-4DE9-BE39-8E6FD3948CD9}.Release|Any CPU.Build.0 = Release|Any CPU
		{1B32A6A7-0BAE-4BEE-BBBD-82FC15ACE2D1}.Debug|Any CPU.ActiveCfg = Debug|Any CPU
		{1B32A6A7-0BAE-4BEE-BBBD-82FC15ACE2D1}.Debug|Any CPU.Build.0 = Debug|Any CPU
		{1B32A6A7-0BAE-4BEE-BBBD-82FC15ACE2D1}.Release|Any CPU.ActiveCfg = Release|Any CPU
		{1B32A6A7-0BAE-4BEE-BBBD-82FC15ACE2D1}.Release|Any CPU.Build.0 = Release|Any CPU
		{137D2631-3857-4D00-BF74-947F2D67F19D}.Debug|Any CPU.ActiveCfg = Debug|Any CPU
		{137D2631-3857-4D00-BF74-947F2D67F19D}.Debug|Any CPU.Build.0 = Debug|Any CPU
		{137D2631-3857-4D00-BF74-947F2D67F19D}.Release|Any CPU.ActiveCfg = Release|Any CPU
		{137D2631-3857-4D00-BF74-947F2D67F19D}.Release|Any CPU.Build.0 = Release|Any CPU
		{15736C0E-9893-4E6D-B27E-0FBC08E0B789}.Debug|Any CPU.ActiveCfg = Debug|Any CPU
		{15736C0E-9893-4E6D-B27E-0FBC08E0B789}.Debug|Any CPU.Build.0 = Debug|Any CPU
		{15736C0E-9893-4E6D-B27E-0FBC08E0B789}.Release|Any CPU.ActiveCfg = Release|Any CPU
		{15736C0E-9893-4E6D-B27E-0FBC08E0B789}.Release|Any CPU.Build.0 = Release|Any CPU
		{1170B542-1ECF-43C0-BFD7-BBEAC3F42F48}.Debug|Any CPU.ActiveCfg = Debug|Any CPU
		{1170B542-1ECF-43C0-BFD7-BBEAC3F42F48}.Debug|Any CPU.Build.0 = Debug|Any CPU
		{1170B542-1ECF-43C0-BFD7-BBEAC3F42F48}.Release|Any CPU.ActiveCfg = Release|Any CPU
		{1170B542-1ECF-43C0-BFD7-BBEAC3F42F48}.Release|Any CPU.Build.0 = Release|Any CPU
		{D720C521-74CE-49CF-A709-97F22ADD920B}.Debug|Any CPU.ActiveCfg = Debug|Any CPU
		{D720C521-74CE-49CF-A709-97F22ADD920B}.Debug|Any CPU.Build.0 = Debug|Any CPU
		{D720C521-74CE-49CF-A709-97F22ADD920B}.Release|Any CPU.ActiveCfg = Release|Any CPU
		{D720C521-74CE-49CF-A709-97F22ADD920B}.Release|Any CPU.Build.0 = Release|Any CPU
		{5D56A4EF-8BC1-4850-9D45-2C54C0FB0586}.Debug|Any CPU.ActiveCfg = Debug|Any CPU
		{5D56A4EF-8BC1-4850-9D45-2C54C0FB0586}.Debug|Any CPU.Build.0 = Debug|Any CPU
		{5D56A4EF-8BC1-4850-9D45-2C54C0FB0586}.Release|Any CPU.ActiveCfg = Release|Any CPU
		{5D56A4EF-8BC1-4850-9D45-2C54C0FB0586}.Release|Any CPU.Build.0 = Release|Any CPU
		{96591A05-4DFF-4419-908D-28F1D1C370DC}.Debug|Any CPU.ActiveCfg = Debug|Any CPU
		{96591A05-4DFF-4419-908D-28F1D1C370DC}.Debug|Any CPU.Build.0 = Debug|Any CPU
		{96591A05-4DFF-4419-908D-28F1D1C370DC}.Release|Any CPU.ActiveCfg = Release|Any CPU
		{96591A05-4DFF-4419-908D-28F1D1C370DC}.Release|Any CPU.Build.0 = Release|Any CPU
		{EF74AC94-5491-478B-B5AF-01E48DC825BB}.Debug|Any CPU.ActiveCfg = Debug|Any CPU
		{EF74AC94-5491-478B-B5AF-01E48DC825BB}.Debug|Any CPU.Build.0 = Debug|Any CPU
		{EF74AC94-5491-478B-B5AF-01E48DC825BB}.Release|Any CPU.ActiveCfg = Release|Any CPU
		{EF74AC94-5491-478B-B5AF-01E48DC825BB}.Release|Any CPU.Build.0 = Release|Any CPU
		{84B780D2-8C40-49B8-A6CC-F2A9003A2848}.Debug|Any CPU.ActiveCfg = Debug|Any CPU
		{84B780D2-8C40-49B8-A6CC-F2A9003A2848}.Debug|Any CPU.Build.0 = Debug|Any CPU
		{84B780D2-8C40-49B8-A6CC-F2A9003A2848}.Release|Any CPU.ActiveCfg = Release|Any CPU
		{84B780D2-8C40-49B8-A6CC-F2A9003A2848}.Release|Any CPU.Build.0 = Release|Any CPU
		{14295812-9702-449D-A31F-91FACF390757}.Debug|Any CPU.ActiveCfg = Debug|Any CPU
		{14295812-9702-449D-A31F-91FACF390757}.Debug|Any CPU.Build.0 = Debug|Any CPU
		{14295812-9702-449D-A31F-91FACF390757}.Release|Any CPU.ActiveCfg = Release|Any CPU
		{14295812-9702-449D-A31F-91FACF390757}.Release|Any CPU.Build.0 = Release|Any CPU
		{1EEEA958-DD44-4E3A-87CD-D29557D35769}.Debug|Any CPU.ActiveCfg = Debug|Any CPU
		{1EEEA958-DD44-4E3A-87CD-D29557D35769}.Debug|Any CPU.Build.0 = Debug|Any CPU
		{1EEEA958-DD44-4E3A-87CD-D29557D35769}.Release|Any CPU.ActiveCfg = Release|Any CPU
		{1EEEA958-DD44-4E3A-87CD-D29557D35769}.Release|Any CPU.Build.0 = Release|Any CPU
		{FB9FCBBB-2CE7-4D11-B609-F3FEC4196987}.Debug|Any CPU.ActiveCfg = Debug|Any CPU
		{FB9FCBBB-2CE7-4D11-B609-F3FEC4196987}.Debug|Any CPU.Build.0 = Debug|Any CPU
		{FB9FCBBB-2CE7-4D11-B609-F3FEC4196987}.Release|Any CPU.ActiveCfg = Release|Any CPU
		{FB9FCBBB-2CE7-4D11-B609-F3FEC4196987}.Release|Any CPU.Build.0 = Release|Any CPU
		{B2FFC494-B742-4D31-8259-E6023E601BD9}.Debug|Any CPU.ActiveCfg = Debug|Any CPU
		{B2FFC494-B742-4D31-8259-E6023E601BD9}.Debug|Any CPU.Build.0 = Debug|Any CPU
		{B2FFC494-B742-4D31-8259-E6023E601BD9}.Release|Any CPU.ActiveCfg = Release|Any CPU
		{B2FFC494-B742-4D31-8259-E6023E601BD9}.Release|Any CPU.Build.0 = Release|Any CPU
		{34374245-C1BD-4B56-9778-948927FCC4E0}.Debug|Any CPU.ActiveCfg = Debug|Any CPU
		{34374245-C1BD-4B56-9778-948927FCC4E0}.Debug|Any CPU.Build.0 = Debug|Any CPU
		{34374245-C1BD-4B56-9778-948927FCC4E0}.Release|Any CPU.ActiveCfg = Release|Any CPU
		{34374245-C1BD-4B56-9778-948927FCC4E0}.Release|Any CPU.Build.0 = Release|Any CPU
		{A1B4A29E-6575-4125-AE92-DA04411F464E}.Debug|Any CPU.ActiveCfg = Debug|Any CPU
		{A1B4A29E-6575-4125-AE92-DA04411F464E}.Debug|Any CPU.Build.0 = Debug|Any CPU
		{A1B4A29E-6575-4125-AE92-DA04411F464E}.Release|Any CPU.ActiveCfg = Release|Any CPU
		{A1B4A29E-6575-4125-AE92-DA04411F464E}.Release|Any CPU.Build.0 = Release|Any CPU
		{5445429C-6D85-4F60-BF7A-DABF632084CF}.Debug|Any CPU.ActiveCfg = Debug|Any CPU
		{5445429C-6D85-4F60-BF7A-DABF632084CF}.Debug|Any CPU.Build.0 = Debug|Any CPU
		{5445429C-6D85-4F60-BF7A-DABF632084CF}.Release|Any CPU.ActiveCfg = Release|Any CPU
		{5445429C-6D85-4F60-BF7A-DABF632084CF}.Release|Any CPU.Build.0 = Release|Any CPU
		{D14C25CD-6B10-47E8-B6C5-E7F6E993A1CD}.Debug|Any CPU.ActiveCfg = Debug|Any CPU
		{D14C25CD-6B10-47E8-B6C5-E7F6E993A1CD}.Debug|Any CPU.Build.0 = Debug|Any CPU
		{D14C25CD-6B10-47E8-B6C5-E7F6E993A1CD}.Release|Any CPU.ActiveCfg = Release|Any CPU
		{D14C25CD-6B10-47E8-B6C5-E7F6E993A1CD}.Release|Any CPU.Build.0 = Release|Any CPU
		{1CFEB46C-E43B-48B3-975A-66544841162B}.Debug|Any CPU.ActiveCfg = Debug|Any CPU
		{1CFEB46C-E43B-48B3-975A-66544841162B}.Debug|Any CPU.Build.0 = Debug|Any CPU
		{1CFEB46C-E43B-48B3-975A-66544841162B}.Debug|Any CPU.Deploy.0 = Debug|Any CPU
		{1CFEB46C-E43B-48B3-975A-66544841162B}.Release|Any CPU.ActiveCfg = Release|Any CPU
		{1CFEB46C-E43B-48B3-975A-66544841162B}.Release|Any CPU.Build.0 = Release|Any CPU
		{3555210D-07D3-4052-9D40-E53616085306}.Debug|Any CPU.ActiveCfg = Debug|Any CPU
		{3555210D-07D3-4052-9D40-E53616085306}.Debug|Any CPU.Build.0 = Debug|Any CPU
		{3555210D-07D3-4052-9D40-E53616085306}.Debug|Any CPU.Deploy.0 = Debug|Any CPU
		{3555210D-07D3-4052-9D40-E53616085306}.Release|Any CPU.ActiveCfg = Release|Any CPU
		{3555210D-07D3-4052-9D40-E53616085306}.Release|Any CPU.Build.0 = Release|Any CPU
		{E81FF09A-6AD9-4936-98A4-F31ED3B63A39}.Debug|Any CPU.ActiveCfg = Debug|Any CPU
		{E81FF09A-6AD9-4936-98A4-F31ED3B63A39}.Debug|Any CPU.Build.0 = Debug|Any CPU
		{E81FF09A-6AD9-4936-98A4-F31ED3B63A39}.Release|Any CPU.ActiveCfg = Release|Any CPU
		{E81FF09A-6AD9-4936-98A4-F31ED3B63A39}.Release|Any CPU.Build.0 = Release|Any CPU
	EndGlobalSection
	GlobalSection(SolutionProperties) = preSolution
		HideSolutionNode = FALSE
	EndGlobalSection
	GlobalSection(NestedProjects) = preSolution
		{80CD7110-AC9E-4451-AB40-03108EC7358E} = {02EA681E-C7D8-13C7-8484-4AC65E1B71E8}
		{7BF77CD0-4D33-495D-9E22-F8B7311946AE} = {02EA681E-C7D8-13C7-8484-4AC65E1B71E8}
		{9B897B05-8AD7-41A3-8A7C-C24AC1ABA324} = {02EA681E-C7D8-13C7-8484-4AC65E1B71E8}
		{88B0B9C7-1BA6-44FF-92CF-E1FADAAC8427} = {02EA681E-C7D8-13C7-8484-4AC65E1B71E8}
		{6B5C5DAB-53AD-41AE-8708-002E4B245680} = {02EA681E-C7D8-13C7-8484-4AC65E1B71E8}
		{95929271-C2D9-43A4-871E-3730C9C510C6} = {02EA681E-C7D8-13C7-8484-4AC65E1B71E8}
		{CD69052D-157D-40B3-9442-AB83367BC5F4} = {02EA681E-C7D8-13C7-8484-4AC65E1B71E8}
		{609425F1-0BE4-4970-9C30-920F31C1470D} = {02EA681E-C7D8-13C7-8484-4AC65E1B71E8}
		{572C09E3-9C05-4B78-9834-FDD4208547B4} = {02EA681E-C7D8-13C7-8484-4AC65E1B71E8}
		{E4887AD5-7992-47BF-B7F8-2C7BB6B8525B} = {A0AEF87D-6EBD-4875-B2C6-45D3989E6144}
		{484D5F3E-0D02-485A-B5AA-934D3D8015BB} = {A0AEF87D-6EBD-4875-B2C6-45D3989E6144}
		{5E64408C-F520-42C2-BB30-6314EE3CA3AD} = {A0AEF87D-6EBD-4875-B2C6-45D3989E6144}
		{E15C73F4-4C66-4828-B7AA-A749F8956611} = {A0AEF87D-6EBD-4875-B2C6-45D3989E6144}
		{0EAFCEA7-2964-4CC8-83D1-691958C467D6} = {A0AEF87D-6EBD-4875-B2C6-45D3989E6144}
		{08359061-BA2F-4DE9-BE39-8E6FD3948CD9} = {A0AEF87D-6EBD-4875-B2C6-45D3989E6144}
		{1B32A6A7-0BAE-4BEE-BBBD-82FC15ACE2D1} = {A0AEF87D-6EBD-4875-B2C6-45D3989E6144}
		{137D2631-3857-4D00-BF74-947F2D67F19D} = {A0AEF87D-6EBD-4875-B2C6-45D3989E6144}
		{15736C0E-9893-4E6D-B27E-0FBC08E0B789} = {A0AEF87D-6EBD-4875-B2C6-45D3989E6144}
		{1170B542-1ECF-43C0-BFD7-BBEAC3F42F48} = {A0AEF87D-6EBD-4875-B2C6-45D3989E6144}
		{D720C521-74CE-49CF-A709-97F22ADD920B} = {A0AEF87D-6EBD-4875-B2C6-45D3989E6144}
		{5D56A4EF-8BC1-4850-9D45-2C54C0FB0586} = {A0AEF87D-6EBD-4875-B2C6-45D3989E6144}
		{96591A05-4DFF-4419-908D-28F1D1C370DC} = {A0AEF87D-6EBD-4875-B2C6-45D3989E6144}
		{EF74AC94-5491-478B-B5AF-01E48DC825BB} = {8B4D4BB0-D2B1-4302-8233-9D6E21531965}
		{84B780D2-8C40-49B8-A6CC-F2A9003A2848} = {8B4D4BB0-D2B1-4302-8233-9D6E21531965}
		{14295812-9702-449D-A31F-91FACF390757} = {8B4D4BB0-D2B1-4302-8233-9D6E21531965}
		{1EEEA958-DD44-4E3A-87CD-D29557D35769} = {332A76F3-8AAD-41A3-9043-0FB855E3CFE6}
		{FB9FCBBB-2CE7-4D11-B609-F3FEC4196987} = {332A76F3-8AAD-41A3-9043-0FB855E3CFE6}
		{B2FFC494-B742-4D31-8259-E6023E601BD9} = {332A76F3-8AAD-41A3-9043-0FB855E3CFE6}
		{34374245-C1BD-4B56-9778-948927FCC4E0} = {332A76F3-8AAD-41A3-9043-0FB855E3CFE6}
		{A1B4A29E-6575-4125-AE92-DA04411F464E} = {332A76F3-8AAD-41A3-9043-0FB855E3CFE6}
		{5445429C-6D85-4F60-BF7A-DABF632084CF} = {332A76F3-8AAD-41A3-9043-0FB855E3CFE6}
		{D14C25CD-6B10-47E8-B6C5-E7F6E993A1CD} = {332A76F3-8AAD-41A3-9043-0FB855E3CFE6}
		{1CFEB46C-E43B-48B3-975A-66544841162B} = {1D11E6CE-76F7-42FD-A706-E712E8719B41}
		{3555210D-07D3-4052-9D40-E53616085306} = {1D11E6CE-76F7-42FD-A706-E712E8719B41}
		{E81FF09A-6AD9-4936-98A4-F31ED3B63A39} = {1D11E6CE-76F7-42FD-A706-E712E8719B41}
	EndGlobalSection
	GlobalSection(ExtensibilityGlobals) = postSolution
		SolutionGuid = {E84BA46E-94F1-4642-B8CC-0765B291A723}
	EndGlobalSection
EndGlobal
