
Microsoft Visual Studio Solution File, Format Version 12.00
# Visual Studio Version 17
VisualStudioVersion = 17.14.36203.30 d17.14
MinimumVisualStudioVersion = 10.0.40219.1
Project("{FAE04EC0-301F-11D3-BF4B-00C04F79EFBC}") = "CalculatorWithFunctions", "CalculatorWithFunctions\CalculatorWithFunctions.csproj", "{B73D4649-F658-46E2-8F80-4C9273A07C11}"
EndProject
Global
	GlobalSection(SolutionConfigurationPlatforms) = preSolution
		Debug|Any CPU = Debug|Any CPU
		Release|Any CPU = Release|Any CPU
	EndGlobalSection
	GlobalSection(ProjectConfigurationPlatforms) = postSolution
		{B73D4649-F658-46E2-8F80-4C9273A07C11}.Debug|Any CPU.ActiveCfg = Debug|Any CPU
		{B73D4649-F658-46E2-8F80-4C9273A07C11}.Debug|Any CPU.Build.0 = Debug|Any CPU
		{B73D4649-F658-46E2-8F80-4C9273A07C11}.Release|Any CPU.ActiveCfg = Release|Any CPU
		{B73D4649-F658-46E2-8F80-4C9273A07C11}.Release|Any CPU.Build.0 = Release|Any CPU
	EndGlobalSection
	GlobalSection(SolutionProperties) = preSolution
		HideSolutionNode = FALSE
	EndGlobalSection
	GlobalSection(ExtensibilityGlobals) = postSolution
		SolutionGuid = {B3F258AD-A20F-4D6D-88EA-3B81329C8D26}
	EndGlobalSection
EndGlobal
