
Microsoft Visual Studio Solution File, Format Version 12.00
# Visual Studio Version 17
VisualStudioVersion = 17.14.36203.30 d17.14
MinimumVisualStudioVersion = 10.0.40219.1
Project("{FAE04EC0-301F-11D3-BF4B-00C04F79EFBC}") = "MVCGenericString", "MVCGenericString\MVCGenericString.csproj", "{20664BA7-0964-4EDC-85B5-D645A806648E}"
EndProject
Global
	GlobalSection(SolutionConfigurationPlatforms) = preSolution
		Debug|Any CPU = Debug|Any CPU
		Release|Any CPU = Release|Any CPU
	EndGlobalSection
	GlobalSection(ProjectConfigurationPlatforms) = postSolution
		{20664BA7-0964-4EDC-85B5-D645A806648E}.Debug|Any CPU.ActiveCfg = Debug|Any CPU
		{20664BA7-0964-4EDC-85B5-D645A806648E}.Debug|Any CPU.Build.0 = Debug|Any CPU
		{20664BA7-0964-4EDC-85B5-D645A806648E}.Release|Any CPU.ActiveCfg = Release|Any CPU
		{20664BA7-0964-4EDC-85B5-D645A806648E}.Release|Any CPU.Build.0 = Release|Any CPU
	EndGlobalSection
	GlobalSection(SolutionProperties) = preSolution
		HideSolutionNode = FALSE
	EndGlobalSection
	GlobalSection(ExtensibilityGlobals) = postSolution
		SolutionGuid = {9107D1B8-D476-4618-8AFF-44C7044408E8}
	EndGlobalSection
EndGlobal
