
Microsoft Visual Studio Solution File, Format Version 12.00
# Visual Studio Version 17
VisualStudioVersion = 17.14.36203.30 d17.14
MinimumVisualStudioVersion = 10.0.40219.1
Project("{FAE04EC0-301F-11D3-BF4B-00C04F79EFBC}") = "HelloController", "HelloController\HelloController.csproj", "{398ACE21-525F-4972-86EA-8973FDFB1EDB}"
EndProject
Global
	GlobalSection(SolutionConfigurationPlatforms) = preSolution
		Debug|Any CPU = Debug|Any CPU
		Release|Any CPU = Release|Any CPU
	EndGlobalSection
	GlobalSection(ProjectConfigurationPlatforms) = postSolution
		{398ACE21-525F-4972-86EA-8973FDFB1EDB}.Debug|Any CPU.ActiveCfg = Debug|Any CPU
		{398ACE21-525F-4972-86EA-8973FDFB1EDB}.Debug|Any CPU.Build.0 = Debug|Any CPU
		{398ACE21-525F-4972-86EA-8973FDFB1EDB}.Release|Any CPU.ActiveCfg = Release|Any CPU
		{398ACE21-525F-4972-86EA-8973FDFB1EDB}.Release|Any CPU.Build.0 = Release|Any CPU
	EndGlobalSection
	GlobalSection(SolutionProperties) = preSolution
		HideSolutionNode = FALSE
	EndGlobalSection
	GlobalSection(ExtensibilityGlobals) = postSolution
		SolutionGuid = {7FDED31D-ABF2-4E28-84CF-764E233C0BB2}
	EndGlobalSection
EndGlobal
